{
	"name": "telegram-log-example",
	"version": "0.0.0",
	"lockfileVersion": 3,
	"requires": true,
	"packages": {
		"": {
			"name": "telegram-log-example",
			"version": "0.0.0",
			"license": "none",
			"dependencies": {
				"telegram-log": "file:../"
			}
		},
		"node_modules/telegram-log": {
			"name": "@web-pacotes/telegram-log",
			"version": "0.0.0",
			"resolved": "file:..",
			"license": "none"
		}
	}
}
